
Microsoft Visual Studio Solution File, Format Version 12.00
# Visual Studio Version 17
VisualStudioVersion = 17.5.002.0
MinimumVisualStudioVersion = 10.0.40219.1
Project("{9A19103F-16F7-4668-BE54-9A1E7A4F7556}") = "minimal-api-identity", "minimal-api-identity.csproj", "{3161550A-C697-4FE5-949F-BB88083C37B8}"
EndProject
Global
	GlobalSection(SolutionConfigurationPlatforms) = preSolution
		Debug|Any CPU = Debug|Any CPU
		Release|Any CPU = Release|Any CPU
	EndGlobalSection
	GlobalSection(ProjectConfigurationPlatforms) = postSolution
		{3161550A-C697-4FE5-949F-BB88083C37B8}.Debug|Any CPU.ActiveCfg = Debug|Any CPU
		{3161550A-C697-4FE5-949F-BB88083C37B8}.Debug|Any CPU.Build.0 = Debug|Any CPU
		{3161550A-C697-4FE5-949F-BB88083C37B8}.Release|Any CPU.ActiveCfg = Release|Any CPU
		{3161550A-C697-4FE5-949F-BB88083C37B8}.Release|Any CPU.Build.0 = Release|Any CPU
	EndGlobalSection
	GlobalSection(SolutionProperties) = preSolution
		HideSolutionNode = FALSE
	EndGlobalSection
	GlobalSection(ExtensibilityGlobals) = postSolution
		SolutionGuid = {4A678071-B180-413E-9297-95FA8930BAAA}
	EndGlobalSection
EndGlobal
